
Microsoft Visual Studio Solution File, Format Version 12.00
# Visual Studio Version 16
VisualStudioVersion = 16.0.30711.63
MinimumVisualStudioVersion = 10.0.40219.1
Project("{FAE04EC0-301F-11D3-BF4B-00C04F79EFBC}") = "DataGrid_CellBackgroundColorByIndex", "DataGrid_CellBackgroundColorByIndex.csproj", "{F20DFE99-069C-4D55-A08E-176BEF2B588E}"
EndProject
Global
	GlobalSection(SolutionConfigurationPlatforms) = preSolution
		Debug|Any CPU = Debug|Any CPU
		Release|Any CPU = Release|Any CPU
	EndGlobalSection
	GlobalSection(ProjectConfigurationPlatforms) = postSolution
		{F20DFE99-069C-4D55-A08E-176BEF2B588E}.Debug|Any CPU.ActiveCfg = Debug|Any CPU
		{F20DFE99-069C-4D55-A08E-176BEF2B588E}.Debug|Any CPU.Build.0 = Debug|Any CPU
		{F20DFE99-069C-4D55-A08E-176BEF2B588E}.Release|Any CPU.ActiveCfg = Release|Any CPU
		{F20DFE99-069C-4D55-A08E-176BEF2B588E}.Release|Any CPU.Build.0 = Release|Any CPU
	EndGlobalSection
	GlobalSection(SolutionProperties) = preSolution
		HideSolutionNode = FALSE
	EndGlobalSection
	GlobalSection(ExtensibilityGlobals) = postSolution
		SolutionGuid = {F9621C10-BF4A-476E-B6FE-D13A14F624B3}
	EndGlobalSection
EndGlobal
